
Microsoft Visual Studio Solution File, Format Version 12.00
# Visual Studio Version 16
VisualStudioVersion = 16.0.31911.196
MinimumVisualStudioVersion = 10.0.40219.1
Project("{FAE04EC0-301F-11D3-BF4B-00C04F79EFBC}") = "6_1 Task", "6_Task\6_1 Task.csproj", "{514D6BE1-7914-4481-8838-9406A2C5D5D4}"
EndProject
Project("{FAE04EC0-301F-11D3-BF4B-00C04F79EFBC}") = "6_2 Task", "6_2 Task\6_2 Task.csproj", "{5B38B8BF-F431-480D-BDB4-A24E52383056}"
EndProject
Global
	GlobalSection(SolutionConfigurationPlatforms) = preSolution
		Debug|Any CPU = Debug|Any CPU
		Release|Any CPU = Release|Any CPU
	EndGlobalSection
	GlobalSection(ProjectConfigurationPlatforms) = postSolution
		{514D6BE1-7914-4481-8838-9406A2C5D5D4}.Debug|Any CPU.ActiveCfg = Debug|Any CPU
		{514D6BE1-7914-4481-8838-9406A2C5D5D4}.Debug|Any CPU.Build.0 = Debug|Any CPU
		{514D6BE1-7914-4481-8838-9406A2C5D5D4}.Release|Any CPU.ActiveCfg = Release|Any CPU
		{514D6BE1-7914-4481-8838-9406A2C5D5D4}.Release|Any CPU.Build.0 = Release|Any CPU
		{5B38B8BF-F431-480D-BDB4-A24E52383056}.Debug|Any CPU.ActiveCfg = Debug|Any CPU
		{5B38B8BF-F431-480D-BDB4-A24E52383056}.Debug|Any CPU.Build.0 = Debug|Any CPU
		{5B38B8BF-F431-480D-BDB4-A24E52383056}.Release|Any CPU.ActiveCfg = Release|Any CPU
		{5B38B8BF-F431-480D-BDB4-A24E52383056}.Release|Any CPU.Build.0 = Release|Any CPU
	EndGlobalSection
	GlobalSection(SolutionProperties) = preSolution
		HideSolutionNode = FALSE
	EndGlobalSection
	GlobalSection(ExtensibilityGlobals) = postSolution
		SolutionGuid = {D861ED1C-A82B-4F2C-AE6C-A5745105B79C}
	EndGlobalSection
EndGlobal
